
Microsoft Visual Studio Solution File, Format Version 12.00
# Visual Studio 2013
VisualStudioVersion = 12.0.21005.1
MinimumVisualStudioVersion = 10.0.40219.1
Project("{FAE04EC0-301F-11D3-BF4B-00C04F79EFBC}") = "WebPortal", "WebPortal\WebPortal.csproj", "{A899F3F1-9413-48EC-A2A9-500770D7A1C0}"
EndProject
Project("{FAE04EC0-301F-11D3-BF4B-00C04F79EFBC}") = "SeleniumTests", "SeleniumTests\SeleniumTests.csproj", "{BF30E9DD-625B-4EF7-A741-5C1871DA94E7}"
EndProject
Global
	GlobalSection(SolutionConfigurationPlatforms) = preSolution
		Debug|Any CPU = Debug|Any CPU
		Release|Any CPU = Release|Any CPU
	EndGlobalSection
	GlobalSection(ProjectConfigurationPlatforms) = postSolution
		{A899F3F1-9413-48EC-A2A9-500770D7A1C0}.Debug|Any CPU.ActiveCfg = Debug|Any CPU
		{A899F3F1-9413-48EC-A2A9-500770D7A1C0}.Debug|Any CPU.Build.0 = Debug|Any CPU
		{A899F3F1-9413-48EC-A2A9-500770D7A1C0}.Release|Any CPU.ActiveCfg = Release|Any CPU
		{A899F3F1-9413-48EC-A2A9-500770D7A1C0}.Release|Any CPU.Build.0 = Release|Any CPU
		{BF30E9DD-625B-4EF7-A741-5C1871DA94E7}.Debug|Any CPU.ActiveCfg = Debug|Any CPU
		{BF30E9DD-625B-4EF7-A741-5C1871DA94E7}.Debug|Any CPU.Build.0 = Debug|Any CPU
		{BF30E9DD-625B-4EF7-A741-5C1871DA94E7}.Release|Any CPU.ActiveCfg = Release|Any CPU
		{BF30E9DD-625B-4EF7-A741-5C1871DA94E7}.Release|Any CPU.Build.0 = Release|Any CPU
	EndGlobalSection
	GlobalSection(SolutionProperties) = preSolution
		HideSolutionNode = FALSE
	EndGlobalSection
EndGlobal
